
Microsoft Visual Studio Solution File, Format Version 12.00
# Visual Studio Version 16
VisualStudioVersion = 16.0.28803.916
MinimumVisualStudioVersion = 10.0.40219.1
Project("{FAE04EC0-301F-11D3-BF4B-00C04F79EFBC}") = "Exe009", "Exe009\Exe009.csproj", "{AECE6F35-146B-4021-A67C-16968F07B292}"
EndProject
Global
	GlobalSection(SolutionConfigurationPlatforms) = preSolution
		Debug|Any CPU = Debug|Any CPU
		Release|Any CPU = Release|Any CPU
	EndGlobalSection
	GlobalSection(ProjectConfigurationPlatforms) = postSolution
		{AECE6F35-146B-4021-A67C-16968F07B292}.Debug|Any CPU.ActiveCfg = Debug|Any CPU
		{AECE6F35-146B-4021-A67C-16968F07B292}.Debug|Any CPU.Build.0 = Debug|Any CPU
		{AECE6F35-146B-4021-A67C-16968F07B292}.Release|Any CPU.ActiveCfg = Release|Any CPU
		{AECE6F35-146B-4021-A67C-16968F07B292}.Release|Any CPU.Build.0 = Release|Any CPU
	EndGlobalSection
	GlobalSection(SolutionProperties) = preSolution
		HideSolutionNode = FALSE
	EndGlobalSection
	GlobalSection(ExtensibilityGlobals) = postSolution
		SolutionGuid = {F473C593-C3FE-4043-91B3-8D87B3DCE2A5}
	EndGlobalSection
EndGlobal
